
Microsoft Visual Studio Solution File, Format Version 12.00
# Visual Studio 15
VisualStudioVersion = 15.0.28307.271
MinimumVisualStudioVersion = 10.0.40219.1
Project("{9A19103F-16F7-4668-BE54-9A1E7A4F7556}") = "NETSamplesConsole", "NETSamplesConsole\NETSamplesConsole.csproj", "{DF5B56FB-CD65-46EF-A4BF-CAD302362D41}"
EndProject
Project("{9A19103F-16F7-4668-BE54-9A1E7A4F7556}") = "BuyAndSell", "BuySell\BuyAndSell.csproj", "{CD37289A-8BFC-4664-9B4F-53D8A822504D}"
EndProject
Project("{9A19103F-16F7-4668-BE54-9A1E7A4F7556}") = "Tests", "Tests\Tests.csproj", "{E42CB985-5DAD-4028-B583-C4DA5966359E}"
EndProject
Project("{FAE04EC0-301F-11D3-BF4B-00C04F79EFBC}") = "ConcurrentIterations", "ConcurrentIterations\ConcurrentIterations.csproj", "{3D5EA580-18EC-4AEF-BA07-C140C1B55542}"
EndProject
Global
	GlobalSection(SolutionConfigurationPlatforms) = preSolution
		Debug|Any CPU = Debug|Any CPU
		Release|Any CPU = Release|Any CPU
	EndGlobalSection
	GlobalSection(ProjectConfigurationPlatforms) = postSolution
		{DF5B56FB-CD65-46EF-A4BF-CAD302362D41}.Debug|Any CPU.ActiveCfg = Debug|Any CPU
		{DF5B56FB-CD65-46EF-A4BF-CAD302362D41}.Debug|Any CPU.Build.0 = Debug|Any CPU
		{DF5B56FB-CD65-46EF-A4BF-CAD302362D41}.Release|Any CPU.ActiveCfg = Release|Any CPU
		{DF5B56FB-CD65-46EF-A4BF-CAD302362D41}.Release|Any CPU.Build.0 = Release|Any CPU
		{CD37289A-8BFC-4664-9B4F-53D8A822504D}.Debug|Any CPU.ActiveCfg = Debug|Any CPU
		{CD37289A-8BFC-4664-9B4F-53D8A822504D}.Debug|Any CPU.Build.0 = Debug|Any CPU
		{CD37289A-8BFC-4664-9B4F-53D8A822504D}.Release|Any CPU.ActiveCfg = Release|Any CPU
		{CD37289A-8BFC-4664-9B4F-53D8A822504D}.Release|Any CPU.Build.0 = Release|Any CPU
		{E42CB985-5DAD-4028-B583-C4DA5966359E}.Debug|Any CPU.ActiveCfg = Debug|Any CPU
		{E42CB985-5DAD-4028-B583-C4DA5966359E}.Debug|Any CPU.Build.0 = Debug|Any CPU
		{E42CB985-5DAD-4028-B583-C4DA5966359E}.Release|Any CPU.ActiveCfg = Release|Any CPU
		{E42CB985-5DAD-4028-B583-C4DA5966359E}.Release|Any CPU.Build.0 = Release|Any CPU
		{3D5EA580-18EC-4AEF-BA07-C140C1B55542}.Debug|Any CPU.ActiveCfg = Debug|Any CPU
		{3D5EA580-18EC-4AEF-BA07-C140C1B55542}.Debug|Any CPU.Build.0 = Debug|Any CPU
		{3D5EA580-18EC-4AEF-BA07-C140C1B55542}.Release|Any CPU.ActiveCfg = Release|Any CPU
		{3D5EA580-18EC-4AEF-BA07-C140C1B55542}.Release|Any CPU.Build.0 = Release|Any CPU
	EndGlobalSection
	GlobalSection(SolutionProperties) = preSolution
		HideSolutionNode = FALSE
	EndGlobalSection
	GlobalSection(ExtensibilityGlobals) = postSolution
		SolutionGuid = {5B852EDC-D8FA-4324-9905-3137438D16AF}
	EndGlobalSection
EndGlobal
